
Microsoft Visual Studio Solution File, Format Version 12.00
# Visual Studio Version 17
VisualStudioVersion = 17.2.32516.85
MinimumVisualStudioVersion = 10.0.40219.1
Project("{9A19103F-16F7-4668-BE54-9A1E7A4F7556}") = "Library.Api", "Library.Api\Library.Api.csproj", "{89A6D094-D8B7-441F-B737-F880A56C9054}"
EndProject
Project("{9A19103F-16F7-4668-BE54-9A1E7A4F7556}") = "Library.Domain", "Library.Domain\Library.Domain.csproj", "{5B7502F5-10BC-4D00-93C5-814288E04E13}"
EndProject
Project("{9A19103F-16F7-4668-BE54-9A1E7A4F7556}") = "Library.Domain.Services", "Library.Domain.Services\Library.Domain.Services.csproj", "{C9FE3956-B04D-40BF-9146-61F9F173731F}"
EndProject
Project("{9A19103F-16F7-4668-BE54-9A1E7A4F7556}") = "Library.Domain.Repositories", "Library.Domain.Repositories\Library.Domain.Repositories.csproj", "{C165DADE-9292-4C07-816A-626C216115B2}"
EndProject
Project("{9A19103F-16F7-4668-BE54-9A1E7A4F7556}") = "Library.Domain.Repositories.Specifications", "Library.Domain.Repositories.Specifications\Library.Domain.Repositories.Specifications.csproj", "{7E68CE60-BB7C-41DC-9A5A-550FBA024BC4}"
EndProject
Project("{9A19103F-16F7-4668-BE54-9A1E7A4F7556}") = "Library.Domain.Services.Specifications", "Library.Domain.Services.Specifications\Library.Domain.Services.Specifications.csproj", "{561ECB3C-D413-4B30-95AE-87B2C782AC73}"
EndProject
Project("{9A19103F-16F7-4668-BE54-9A1E7A4F7556}") = "Library.Domain.DTO", "Library.Domain.DTO\Library.Domain.DTO.csproj", "{3CAFE39D-0A3F-46A9-A211-745357281B3A}"
EndProject
Project("{9A19103F-16F7-4668-BE54-9A1E7A4F7556}") = "Library.Domain.Common", "Library.Domain.Common\Library.Domain.Common.csproj", "{2A3E9E6E-0119-4941-9528-8A6215321EA2}"
EndProject
Project("{2150E333-8FDC-42A3-9474-1A3956D46DE8}") = "2 - API", "2 - API", "{421840A7-500D-4359-B54D-B46AE66F040E}"
EndProject
Project("{2150E333-8FDC-42A3-9474-1A3956D46DE8}") = "2 - Domain", "2 - Domain", "{768AE9A4-E969-4F95-B8F4-869B5DBF3245}"
EndProject
Project("{9A19103F-16F7-4668-BE54-9A1E7A4F7556}") = "Library.Domain.Repositories.TextFile", "Library.Domain.Repositories.TextFile\Library.Domain.Repositories.TextFile.csproj", "{DA298614-ADC9-4417-A2FE-3A5A20C3A2BE}"
EndProject
Project("{2150E333-8FDC-42A3-9474-1A3956D46DE8}") = "1 - Core", "1 - Core", "{157D21BD-F9E3-4F4E-8443-4C6668F9DF42}"
EndProject
Project("{2150E333-8FDC-42A3-9474-1A3956D46DE8}") = "5 - Repositories", "5 - Repositories", "{1E36BF5C-8C9C-44A9-899A-50165A5D3D99}"
EndProject
Project("{2150E333-8FDC-42A3-9474-1A3956D46DE8}") = "4 - Services", "4 - Services", "{4823E939-8AE7-42C3-B4EE-7F61D0F6CBC8}"
EndProject
Project("{2150E333-8FDC-42A3-9474-1A3956D46DE8}") = "3 - DTOs", "3 - DTOs", "{9133A020-D2DA-483F-981B-40B2D45E9E30}"
EndProject
Project("{2150E333-8FDC-42A3-9474-1A3956D46DE8}") = "2 - Specifications", "2 - Specifications", "{00C6AC28-ADA7-457C-AF48-41B081658B58}"
EndProject
Project("{2150E333-8FDC-42A3-9474-1A3956D46DE8}") = "1 - Applications", "1 - Applications", "{79B36051-06CB-4AC9-A3D7-E3AD1695BB22}"
EndProject
Project("{2150E333-8FDC-42A3-9474-1A3956D46DE8}") = "1 - Common", "1 - Common", "{ABBDAB24-BA4B-4BB9-AC01-9FF90AC8244B}"
EndProject
Project("{FAE04EC0-301F-11D3-BF4B-00C04F79EFBC}") = "Library.Common", "Library.Common\Library.Common.csproj", "{D6B99CF2-3DF4-434C-95F6-A68651F480BC}"
EndProject
Global
	GlobalSection(SolutionConfigurationPlatforms) = preSolution
		Debug|Any CPU = Debug|Any CPU
		Release|Any CPU = Release|Any CPU
	EndGlobalSection
	GlobalSection(ProjectConfigurationPlatforms) = postSolution
		{89A6D094-D8B7-441F-B737-F880A56C9054}.Debug|Any CPU.ActiveCfg = Debug|Any CPU
		{89A6D094-D8B7-441F-B737-F880A56C9054}.Debug|Any CPU.Build.0 = Debug|Any CPU
		{89A6D094-D8B7-441F-B737-F880A56C9054}.Release|Any CPU.ActiveCfg = Release|Any CPU
		{89A6D094-D8B7-441F-B737-F880A56C9054}.Release|Any CPU.Build.0 = Release|Any CPU
		{5B7502F5-10BC-4D00-93C5-814288E04E13}.Debug|Any CPU.ActiveCfg = Debug|Any CPU
		{5B7502F5-10BC-4D00-93C5-814288E04E13}.Debug|Any CPU.Build.0 = Debug|Any CPU
		{5B7502F5-10BC-4D00-93C5-814288E04E13}.Release|Any CPU.ActiveCfg = Release|Any CPU
		{5B7502F5-10BC-4D00-93C5-814288E04E13}.Release|Any CPU.Build.0 = Release|Any CPU
		{C9FE3956-B04D-40BF-9146-61F9F173731F}.Debug|Any CPU.ActiveCfg = Debug|Any CPU
		{C9FE3956-B04D-40BF-9146-61F9F173731F}.Debug|Any CPU.Build.0 = Debug|Any CPU
		{C9FE3956-B04D-40BF-9146-61F9F173731F}.Release|Any CPU.ActiveCfg = Release|Any CPU
		{C9FE3956-B04D-40BF-9146-61F9F173731F}.Release|Any CPU.Build.0 = Release|Any CPU
		{C165DADE-9292-4C07-816A-626C216115B2}.Debug|Any CPU.ActiveCfg = Debug|Any CPU
		{C165DADE-9292-4C07-816A-626C216115B2}.Debug|Any CPU.Build.0 = Debug|Any CPU
		{C165DADE-9292-4C07-816A-626C216115B2}.Release|Any CPU.ActiveCfg = Release|Any CPU
		{C165DADE-9292-4C07-816A-626C216115B2}.Release|Any CPU.Build.0 = Release|Any CPU
		{7E68CE60-BB7C-41DC-9A5A-550FBA024BC4}.Debug|Any CPU.ActiveCfg = Debug|Any CPU
		{7E68CE60-BB7C-41DC-9A5A-550FBA024BC4}.Debug|Any CPU.Build.0 = Debug|Any CPU
		{7E68CE60-BB7C-41DC-9A5A-550FBA024BC4}.Release|Any CPU.ActiveCfg = Release|Any CPU
		{7E68CE60-BB7C-41DC-9A5A-550FBA024BC4}.Release|Any CPU.Build.0 = Release|Any CPU
		{561ECB3C-D413-4B30-95AE-87B2C782AC73}.Debug|Any CPU.ActiveCfg = Debug|Any CPU
		{561ECB3C-D413-4B30-95AE-87B2C782AC73}.Debug|Any CPU.Build.0 = Debug|Any CPU
		{561ECB3C-D413-4B30-95AE-87B2C782AC73}.Release|Any CPU.ActiveCfg = Release|Any CPU
		{561ECB3C-D413-4B30-95AE-87B2C782AC73}.Release|Any CPU.Build.0 = Release|Any CPU
		{3CAFE39D-0A3F-46A9-A211-745357281B3A}.Debug|Any CPU.ActiveCfg = Debug|Any CPU
		{3CAFE39D-0A3F-46A9-A211-745357281B3A}.Debug|Any CPU.Build.0 = Debug|Any CPU
		{3CAFE39D-0A3F-46A9-A211-745357281B3A}.Release|Any CPU.ActiveCfg = Release|Any CPU
		{3CAFE39D-0A3F-46A9-A211-745357281B3A}.Release|Any CPU.Build.0 = Release|Any CPU
		{2A3E9E6E-0119-4941-9528-8A6215321EA2}.Debug|Any CPU.ActiveCfg = Debug|Any CPU
		{2A3E9E6E-0119-4941-9528-8A6215321EA2}.Debug|Any CPU.Build.0 = Debug|Any CPU
		{2A3E9E6E-0119-4941-9528-8A6215321EA2}.Release|Any CPU.ActiveCfg = Release|Any CPU
		{2A3E9E6E-0119-4941-9528-8A6215321EA2}.Release|Any CPU.Build.0 = Release|Any CPU
		{DA298614-ADC9-4417-A2FE-3A5A20C3A2BE}.Debug|Any CPU.ActiveCfg = Debug|Any CPU
		{DA298614-ADC9-4417-A2FE-3A5A20C3A2BE}.Debug|Any CPU.Build.0 = Debug|Any CPU
		{DA298614-ADC9-4417-A2FE-3A5A20C3A2BE}.Release|Any CPU.ActiveCfg = Release|Any CPU
		{DA298614-ADC9-4417-A2FE-3A5A20C3A2BE}.Release|Any CPU.Build.0 = Release|Any CPU
		{D6B99CF2-3DF4-434C-95F6-A68651F480BC}.Debug|Any CPU.ActiveCfg = Debug|Any CPU
		{D6B99CF2-3DF4-434C-95F6-A68651F480BC}.Debug|Any CPU.Build.0 = Debug|Any CPU
		{D6B99CF2-3DF4-434C-95F6-A68651F480BC}.Release|Any CPU.ActiveCfg = Release|Any CPU
		{D6B99CF2-3DF4-434C-95F6-A68651F480BC}.Release|Any CPU.Build.0 = Release|Any CPU
	EndGlobalSection
	GlobalSection(SolutionProperties) = preSolution
		HideSolutionNode = FALSE
	EndGlobalSection
	GlobalSection(NestedProjects) = preSolution
		{89A6D094-D8B7-441F-B737-F880A56C9054} = {421840A7-500D-4359-B54D-B46AE66F040E}
		{5B7502F5-10BC-4D00-93C5-814288E04E13} = {157D21BD-F9E3-4F4E-8443-4C6668F9DF42}
		{C9FE3956-B04D-40BF-9146-61F9F173731F} = {4823E939-8AE7-42C3-B4EE-7F61D0F6CBC8}
		{C165DADE-9292-4C07-816A-626C216115B2} = {1E36BF5C-8C9C-44A9-899A-50165A5D3D99}
		{7E68CE60-BB7C-41DC-9A5A-550FBA024BC4} = {00C6AC28-ADA7-457C-AF48-41B081658B58}
		{561ECB3C-D413-4B30-95AE-87B2C782AC73} = {00C6AC28-ADA7-457C-AF48-41B081658B58}
		{3CAFE39D-0A3F-46A9-A211-745357281B3A} = {9133A020-D2DA-483F-981B-40B2D45E9E30}
		{2A3E9E6E-0119-4941-9528-8A6215321EA2} = {157D21BD-F9E3-4F4E-8443-4C6668F9DF42}
		{421840A7-500D-4359-B54D-B46AE66F040E} = {79B36051-06CB-4AC9-A3D7-E3AD1695BB22}
		{DA298614-ADC9-4417-A2FE-3A5A20C3A2BE} = {1E36BF5C-8C9C-44A9-899A-50165A5D3D99}
		{157D21BD-F9E3-4F4E-8443-4C6668F9DF42} = {768AE9A4-E969-4F95-B8F4-869B5DBF3245}
		{1E36BF5C-8C9C-44A9-899A-50165A5D3D99} = {768AE9A4-E969-4F95-B8F4-869B5DBF3245}
		{4823E939-8AE7-42C3-B4EE-7F61D0F6CBC8} = {768AE9A4-E969-4F95-B8F4-869B5DBF3245}
		{9133A020-D2DA-483F-981B-40B2D45E9E30} = {768AE9A4-E969-4F95-B8F4-869B5DBF3245}
		{00C6AC28-ADA7-457C-AF48-41B081658B58} = {768AE9A4-E969-4F95-B8F4-869B5DBF3245}
		{ABBDAB24-BA4B-4BB9-AC01-9FF90AC8244B} = {79B36051-06CB-4AC9-A3D7-E3AD1695BB22}
		{D6B99CF2-3DF4-434C-95F6-A68651F480BC} = {ABBDAB24-BA4B-4BB9-AC01-9FF90AC8244B}
	EndGlobalSection
	GlobalSection(ExtensibilityGlobals) = postSolution
		SolutionGuid = {120837A8-170B-4809-920F-50556D7080D6}
	EndGlobalSection
EndGlobal
